
Microsoft Visual Studio Solution File, Format Version 12.00
# Visual Studio Version 17
VisualStudioVersion = 17.10.35122.118
MinimumVisualStudioVersion = 10.0.40219.1
Project("{FAE04EC0-301F-11D3-BF4B-00C04F79EFBC}") = "BankAccount", "BankAccount\BankAccount.csproj", "{C6554980-5D3C-4234-A68A-884F55681CD8}"
EndProject
Project("{FAE04EC0-301F-11D3-BF4B-00C04F79EFBC}") = "BankNUnitTests", "BankNUnitTests\BankNUnitTests.csproj", "{81121BAB-EB92-40E1-810A-1F941C0E4703}"
EndProject
Global
	GlobalSection(SolutionConfigurationPlatforms) = preSolution
		Debug|Any CPU = Debug|Any CPU
		Release|Any CPU = Release|Any CPU
	EndGlobalSection
	GlobalSection(ProjectConfigurationPlatforms) = postSolution
		{C6554980-5D3C-4234-A68A-884F55681CD8}.Debug|Any CPU.ActiveCfg = Debug|Any CPU
		{C6554980-5D3C-4234-A68A-884F55681CD8}.Debug|Any CPU.Build.0 = Debug|Any CPU
		{C6554980-5D3C-4234-A68A-884F55681CD8}.Release|Any CPU.ActiveCfg = Release|Any CPU
		{C6554980-5D3C-4234-A68A-884F55681CD8}.Release|Any CPU.Build.0 = Release|Any CPU
		{81121BAB-EB92-40E1-810A-1F941C0E4703}.Debug|Any CPU.ActiveCfg = Debug|Any CPU
		{81121BAB-EB92-40E1-810A-1F941C0E4703}.Debug|Any CPU.Build.0 = Debug|Any CPU
		{81121BAB-EB92-40E1-810A-1F941C0E4703}.Release|Any CPU.ActiveCfg = Release|Any CPU
		{81121BAB-EB92-40E1-810A-1F941C0E4703}.Release|Any CPU.Build.0 = Release|Any CPU
	EndGlobalSection
	GlobalSection(SolutionProperties) = preSolution
		HideSolutionNode = FALSE
	EndGlobalSection
	GlobalSection(ExtensibilityGlobals) = postSolution
		SolutionGuid = {5061AA44-9926-40A3-81FA-34915E53273D}
	EndGlobalSection
EndGlobal
